
Microsoft Visual Studio Solution File, Format Version 12.00
# Visual Studio Version 17
VisualStudioVersion = 17.0.31903.59
MinimumVisualStudioVersion = 10.0.40219.1
Project("{2150E333-8FDC-42A3-9474-1A3956D46DE8}") = "src", "src", "{827E0CD3-B72D-47B6-A68D-7590B98EB39B}"
EndProject
Project("{FAE04EC0-301F-11D3-BF4B-00C04F79EFBC}") = "Pasukhi.API", "src\Pasukhi.API\Pasukhi.API.csproj", "{2EB26DF0-379A-4E15-B896-71A954783380}"
EndProject
Project("{FAE04EC0-301F-11D3-BF4B-00C04F79EFBC}") = "Pasukhi.Application", "src\Pasukhi.Application\Pasukhi.Application.csproj", "{995501D9-0E40-4BD7-87BF-5B95F6941862}"
EndProject
Project("{FAE04EC0-301F-11D3-BF4B-00C04F79EFBC}") = "Pasukhi.Domain", "src\Pasukhi.Domain\Pasukhi.Domain.csproj", "{75CA2734-31DF-4BEF-894F-F4D0E3EF5604}"
EndProject
Project("{FAE04EC0-301F-11D3-BF4B-00C04F79EFBC}") = "Pasukhi.Infrastructure", "src\Pasukhi.Infrastructure\Pasukhi.Infrastructure.csproj", "{28E349FD-6458-4BE7-832E-600919E323F7}"
EndProject
Project("{2150E333-8FDC-42A3-9474-1A3956D46DE8}") = "tests", "tests", "{0AB3BF05-4346-4AA6-1389-037BE0695223}"
EndProject
Project("{FAE04EC0-301F-11D3-BF4B-00C04F79EFBC}") = "Pasukhi.UnitTests", "tests\Pasukhi.UnitTests\Pasukhi.UnitTests.csproj", "{80A93178-3E44-43CB-B082-BC8725E7241A}"
EndProject
Project("{FAE04EC0-301F-11D3-BF4B-00C04F79EFBC}") = "Pasukhi.IntegrationTests", "tests\Pasukhi.IntegrationTests\Pasukhi.IntegrationTests.csproj", "{3CA39C37-0732-437E-9978-9DCF10DF8583}"
EndProject
Global
	GlobalSection(SolutionConfigurationPlatforms) = preSolution
		Debug|Any CPU = Debug|Any CPU
		Debug|x64 = Debug|x64
		Debug|x86 = Debug|x86
		Release|Any CPU = Release|Any CPU
		Release|x64 = Release|x64
		Release|x86 = Release|x86
	EndGlobalSection
	GlobalSection(ProjectConfigurationPlatforms) = postSolution
		{2EB26DF0-379A-4E15-B896-71A954783380}.Debug|Any CPU.ActiveCfg = Debug|Any CPU
		{2EB26DF0-379A-4E15-B896-71A954783380}.Debug|Any CPU.Build.0 = Debug|Any CPU
		{2EB26DF0-379A-4E15-B896-71A954783380}.Debug|x64.ActiveCfg = Debug|Any CPU
		{2EB26DF0-379A-4E15-B896-71A954783380}.Debug|x64.Build.0 = Debug|Any CPU
		{2EB26DF0-379A-4E15-B896-71A954783380}.Debug|x86.ActiveCfg = Debug|Any CPU
		{2EB26DF0-379A-4E15-B896-71A954783380}.Debug|x86.Build.0 = Debug|Any CPU
		{2EB26DF0-379A-4E15-B896-71A954783380}.Release|Any CPU.ActiveCfg = Release|Any CPU
		{2EB26DF0-379A-4E15-B896-71A954783380}.Release|Any CPU.Build.0 = Release|Any CPU
		{2EB26DF0-379A-4E15-B896-71A954783380}.Release|x64.ActiveCfg = Release|Any CPU
		{2EB26DF0-379A-4E15-B896-71A954783380}.Release|x64.Build.0 = Release|Any CPU
		{2EB26DF0-379A-4E15-B896-71A954783380}.Release|x86.ActiveCfg = Release|Any CPU
		{2EB26DF0-379A-4E15-B896-71A954783380}.Release|x86.Build.0 = Release|Any CPU
		{995501D9-0E40-4BD7-87BF-5B95F6941862}.Debug|Any CPU.ActiveCfg = Debug|Any CPU
		{995501D9-0E40-4BD7-87BF-5B95F6941862}.Debug|Any CPU.Build.0 = Debug|Any CPU
		{995501D9-0E40-4BD7-87BF-5B95F6941862}.Debug|x64.ActiveCfg = Debug|Any CPU
		{995501D9-0E40-4BD7-87BF-5B95F6941862}.Debug|x64.Build.0 = Debug|Any CPU
		{995501D9-0E40-4BD7-87BF-5B95F6941862}.Debug|x86.ActiveCfg = Debug|Any CPU
		{995501D9-0E40-4BD7-87BF-5B95F6941862}.Debug|x86.Build.0 = Debug|Any CPU
		{995501D9-0E40-4BD7-87BF-5B95F6941862}.Release|Any CPU.ActiveCfg = Release|Any CPU
		{995501D9-0E40-4BD7-87BF-5B95F6941862}.Release|Any CPU.Build.0 = Release|Any CPU
		{995501D9-0E40-4BD7-87BF-5B95F6941862}.Release|x64.ActiveCfg = Release|Any CPU
		{995501D9-0E40-4BD7-87BF-5B95F6941862}.Release|x64.Build.0 = Release|Any CPU
		{995501D9-0E40-4BD7-87BF-5B95F6941862}.Release|x86.ActiveCfg = Release|Any CPU
		{995501D9-0E40-4BD7-87BF-5B95F6941862}.Release|x86.Build.0 = Release|Any CPU
		{75CA2734-31DF-4BEF-894F-F4D0E3EF5604}.Debug|Any CPU.ActiveCfg = Debug|Any CPU
		{75CA2734-31DF-4BEF-894F-F4D0E3EF5604}.Debug|Any CPU.Build.0 = Debug|Any CPU
		{75CA2734-31DF-4BEF-894F-F4D0E3EF5604}.Debug|x64.ActiveCfg = Debug|Any CPU
		{75CA2734-31DF-4BEF-894F-F4D0E3EF5604}.Debug|x64.Build.0 = Debug|Any CPU
		{75CA2734-31DF-4BEF-894F-F4D0E3EF5604}.Debug|x86.ActiveCfg = Debug|Any CPU
		{75CA2734-31DF-4BEF-894F-F4D0E3EF5604}.Debug|x86.Build.0 = Debug|Any CPU
		{75CA2734-31DF-4BEF-894F-F4D0E3EF5604}.Release|Any CPU.ActiveCfg = Release|Any CPU
		{75CA2734-31DF-4BEF-894F-F4D0E3EF5604}.Release|Any CPU.Build.0 = Release|Any CPU
		{75CA2734-31DF-4BEF-894F-F4D0E3EF5604}.Release|x64.ActiveCfg = Release|Any CPU
		{75CA2734-31DF-4BEF-894F-F4D0E3EF5604}.Release|x64.Build.0 = Release|Any CPU
		{75CA2734-31DF-4BEF-894F-F4D0E3EF5604}.Release|x86.ActiveCfg = Release|Any CPU
		{75CA2734-31DF-4BEF-894F-F4D0E3EF5604}.Release|x86.Build.0 = Release|Any CPU
		{28E349FD-6458-4BE7-832E-600919E323F7}.Debug|Any CPU.ActiveCfg = Debug|Any CPU
		{28E349FD-6458-4BE7-832E-600919E323F7}.Debug|Any CPU.Build.0 = Debug|Any CPU
		{28E349FD-6458-4BE7-832E-600919E323F7}.Debug|x64.ActiveCfg = Debug|Any CPU
		{28E349FD-6458-4BE7-832E-600919E323F7}.Debug|x64.Build.0 = Debug|Any CPU
		{28E349FD-6458-4BE7-832E-600919E323F7}.Debug|x86.ActiveCfg = Debug|Any CPU
		{28E349FD-6458-4BE7-832E-600919E323F7}.Debug|x86.Build.0 = Debug|Any CPU
		{28E349FD-6458-4BE7-832E-600919E323F7}.Release|Any CPU.ActiveCfg = Release|Any CPU
		{28E349FD-6458-4BE7-832E-600919E323F7}.Release|Any CPU.Build.0 = Release|Any CPU
		{28E349FD-6458-4BE7-832E-600919E323F7}.Release|x64.ActiveCfg = Release|Any CPU
		{28E349FD-6458-4BE7-832E-600919E323F7}.Release|x64.Build.0 = Release|Any CPU
		{28E349FD-6458-4BE7-832E-600919E323F7}.Release|x86.ActiveCfg = Release|Any CPU
		{28E349FD-6458-4BE7-832E-600919E323F7}.Release|x86.Build.0 = Release|Any CPU
		{80A93178-3E44-43CB-B082-BC8725E7241A}.Debug|Any CPU.ActiveCfg = Debug|Any CPU
		{80A93178-3E44-43CB-B082-BC8725E7241A}.Debug|Any CPU.Build.0 = Debug|Any CPU
		{80A93178-3E44-43CB-B082-BC8725E7241A}.Debug|x64.ActiveCfg = Debug|Any CPU
		{80A93178-3E44-43CB-B082-BC8725E7241A}.Debug|x64.Build.0 = Debug|Any CPU
		{80A93178-3E44-43CB-B082-BC8725E7241A}.Debug|x86.ActiveCfg = Debug|Any CPU
		{80A93178-3E44-43CB-B082-BC8725E7241A}.Debug|x86.Build.0 = Debug|Any CPU
		{80A93178-3E44-43CB-B082-BC8725E7241A}.Release|Any CPU.ActiveCfg = Release|Any CPU
		{80A93178-3E44-43CB-B082-BC8725E7241A}.Release|Any CPU.Build.0 = Release|Any CPU
		{80A93178-3E44-43CB-B082-BC8725E7241A}.Release|x64.ActiveCfg = Release|Any CPU
		{80A93178-3E44-43CB-B082-BC8725E7241A}.Release|x64.Build.0 = Release|Any CPU
		{80A93178-3E44-43CB-B082-BC8725E7241A}.Release|x86.ActiveCfg = Release|Any CPU
		{80A93178-3E44-43CB-B082-BC8725E7241A}.Release|x86.Build.0 = Release|Any CPU
		{3CA39C37-0732-437E-9978-9DCF10DF8583}.Debug|Any CPU.ActiveCfg = Debug|Any CPU
		{3CA39C37-0732-437E-9978-9DCF10DF8583}.Debug|Any CPU.Build.0 = Debug|Any CPU
		{3CA39C37-0732-437E-9978-9DCF10DF8583}.Debug|x64.ActiveCfg = Debug|Any CPU
		{3CA39C37-0732-437E-9978-9DCF10DF8583}.Debug|x64.Build.0 = Debug|Any CPU
		{3CA39C37-0732-437E-9978-9DCF10DF8583}.Debug|x86.ActiveCfg = Debug|Any CPU
		{3CA39C37-0732-437E-9978-9DCF10DF8583}.Debug|x86.Build.0 = Debug|Any CPU
		{3CA39C37-0732-437E-9978-9DCF10DF8583}.Release|Any CPU.ActiveCfg = Release|Any CPU
		{3CA39C37-0732-437E-9978-9DCF10DF8583}.Release|Any CPU.Build.0 = Release|Any CPU
		{3CA39C37-0732-437E-9978-9DCF10DF8583}.Release|x64.ActiveCfg = Release|Any CPU
		{3CA39C37-0732-437E-9978-9DCF10DF8583}.Release|x64.Build.0 = Release|Any CPU
		{3CA39C37-0732-437E-9978-9DCF10DF8583}.Release|x86.ActiveCfg = Release|Any CPU
		{3CA39C37-0732-437E-9978-9DCF10DF8583}.Release|x86.Build.0 = Release|Any CPU
	EndGlobalSection
	GlobalSection(SolutionProperties) = preSolution
		HideSolutionNode = FALSE
	EndGlobalSection
	GlobalSection(NestedProjects) = preSolution
		{2EB26DF0-379A-4E15-B896-71A954783380} = {827E0CD3-B72D-47B6-A68D-7590B98EB39B}
		{995501D9-0E40-4BD7-87BF-5B95F6941862} = {827E0CD3-B72D-47B6-A68D-7590B98EB39B}
		{75CA2734-31DF-4BEF-894F-F4D0E3EF5604} = {827E0CD3-B72D-47B6-A68D-7590B98EB39B}
		{28E349FD-6458-4BE7-832E-600919E323F7} = {827E0CD3-B72D-47B6-A68D-7590B98EB39B}
		{80A93178-3E44-43CB-B082-BC8725E7241A} = {0AB3BF05-4346-4AA6-1389-037BE0695223}
		{3CA39C37-0732-437E-9978-9DCF10DF8583} = {0AB3BF05-4346-4AA6-1389-037BE0695223}
	EndGlobalSection
EndGlobal
